
Microsoft Visual Studio Solution File, Format Version 12.00
# Visual Studio 15
VisualStudioVersion = 15.0.28010.2050
MinimumVisualStudioVersion = 10.0.40219.1
Project("{FAE04EC0-301F-11D3-BF4B-00C04F79EFBC}") = "DataAccess", "DataAccess.csproj", "{9CE6EE95-7CBD-4E90-AD48-B92A06543763}"
EndProject
Global
	GlobalSection(SolutionConfigurationPlatforms) = preSolution
		Debug|Any CPU = Debug|Any CPU
		Release|Any CPU = Release|Any CPU
	EndGlobalSection
	GlobalSection(ProjectConfigurationPlatforms) = postSolution
		{9CE6EE95-7CBD-4E90-AD48-B92A06543763}.Debug|Any CPU.ActiveCfg = Debug|Any CPU
		{9CE6EE95-7CBD-4E90-AD48-B92A06543763}.Debug|Any CPU.Build.0 = Debug|Any CPU
		{9CE6EE95-7CBD-4E90-AD48-B92A06543763}.Release|Any CPU.ActiveCfg = Release|Any CPU
		{9CE6EE95-7CBD-4E90-AD48-B92A06543763}.Release|Any CPU.Build.0 = Release|Any CPU
	EndGlobalSection
	GlobalSection(SolutionProperties) = preSolution
		HideSolutionNode = FALSE
	EndGlobalSection
	GlobalSection(ExtensibilityGlobals) = postSolution
		SolutionGuid = {BB53D2BA-B7D6-4D5F-AF65-33F4166DDE08}
	EndGlobalSection
EndGlobal
